ewogICJuYW1lIjogImFyay1sYW5kaW5nLXBhZ2UiLAogICJ2ZXJzaW9uIjogIjAuMS4wIiwKICAibG9ja2ZpbGVWZXJzaW9uIjogMywKICAicmVxdWlyZXMiOiB0cnVlLAogICJwYWNrYWdlcyI6IHsKICAgICIiOiB7CiAgICAgICJuYW1lIjogImFyay1sYW5kaW5nLXBhZ2UiLAogICAgICAidmVyc2lvbiI6ICIwLjEuMCIsCiAgICAgICJsaWNlbnNlIjogIklTQyIsCiAgICAgICJkZXBlbmRlbmNpZXMiOiB7CiAgICAgICAgIkBrdWJlcm5ldGVzL2NsaWVudC1ub2RlIjoge0ogICAgICAgICAgInZlcnNpb24iOiAiMS40LjAiCiAgICAgICAgfSwKICAgICAgICAibHVjaWRlLXJlYWN0Ijoge0ogICAgICAgICAgInZlcnNpb24iOiAiMC41NjMuMCIKICAgICAgICB9LAogICAgICAgICJuZXh0Ijoge0ogICAgICAgICAgInZlcnNpb24iOiAiMTYuMi42IgogICAgICAgIH0sCiAgICAgICAgIm5leHQtYXV0aCI6IHsKICAgICAgICAgICJ2ZXJzaW9uIjogIjUuMC4wLWJldGEuMjkiCiAgICAgICAgfSwKICAgICAgICAicmVhY3QiOiB7CiAgICAgICAgICAidmVyc2lvbiI6ICIxOS4yLjUiCiAgICAgICAgfSwKICAgICAgICAicmVhY3QtZG9tIjoge0ogICAgICAgICAgInZlcnNpb24iOiAiMTkuMi41IgogICAgICAgIH0KICAGICAGOGICAGAOGAGAOGAGAOGA