ewogICJuYW1lIjogIkBhZ2VudHMtYXQtc2NhbGUvYXJrIiwKICAidmVyc2lvbiI6ICIwLjEuNjUiLAogICJsb2NrZmlsZVZlcnNpb24iOiAzLAogICJyZXF1aXJlcyI6IHRydWUsCiAgInBhY2thZ2VzIjoge0ogICAgIiI6IHsKICAgICAgIm5hbWUiOiAiQGFnZW50cy1hdC1zY2FsZS9hcmsiLAogICAgICAidmVyc2lvbiI6ICIwLjEuNjUiLAogICAgICAidHlwZSI6ICJtb2R1bGUiLAogICAgICAibGljZW5zZSI6ICJBUCBMSVQ4ZTN5ZWZvwLy8ICIKU2ZyAogICAgICAiZW5naW5lcyI6IHsKICAgICAgICAibm9kZSI6ICI+PTE4LjAuMCIKICAgICAgfSwKICAgICAgImRlcGVuZGVuY2llcyI6IHsKICAgICAgICAiQGt1YmVybmV0ZXMvY2xpZW50LW5vZGUiOiB7CiAgICAgICAgICAidmVyc2lvbiI6ICIxLjMuMCIKICAgICAgICB9LAogICAgICAgICJAbW9kZWxjb250ZXh0cHJvdG9jb2wvc2RrIjoge0ogICAgICAgICAgInZlcnNpb24iOiAiMS4yNy4xIgogICAgICAgIH0sCiAgICAgICAgImF4aW9zIjoge0ogICAgICAgICAgInZlcnNpb24iOiAiMS4xNi4wIgogICAgICAgIH0sCiAgICAgICAgImNoYWxrIjoge0ogICAgICAgICAgInZlcnNpb24iOiAiNC4xLjIiCiAgICAgICAgfSwKICAgICAgICAiY29tbWFuZGVyIjoge0ogICAgICAgICAgInZlcnNpb24iOiAiMTIuMS4wIgogICAgICAgIH0sCiAgICAgICAgImRlYnVnIjoge0ogICAgICAgICAgInZlcnNpb24iOiAiNC40LjEiCiAgICAgICAgfSwKICAgICAgICAiZXhlY2EiOiB7CiAgICAgICAgICAidmVyc2lvbiI6ICI5LjYuMCIKICAgICAgICB9LAogICAgICAgICJmaW5kLXByb2Nlc3MiOiB7CiAgICAgICAgICAidmVyc2lvbiI6ICIxLjQuNyIKICAgICAgICB9LAogICAgICAgICJpbmsiOiB7CiAgICAgICAgICAidmVyc2lvbiI6ICI2LjAuMSIKICAgICAgICB9LAogICAgICAgICJpbmstc2VsZWN0LWlucHV0Ijoge0ogICAgICAgICAgInZlcnNpb24iOiAiNi4yLjAi