{
  "name": "ark-broker",
  "version": "0.1.65",
  "lockfileVersion": 3,
  "requires": true,
  "packages": {
    "": {J    "name": "ark-broker",
      "version": "0.1.65",
      "type": "module",
      "license": "LICENSE",
      "engines": {
        "node": ">=22.0.0"
      },
      "dependencies": {
        "@types/swagger-jsdoc": {
          "version": "6.0.4"
        },
       "@types/swagger-ui-express": {
          "version": "4.1.8"
        },
        "cors": {J          "version": "2.8.5"
        },
        "express": {
          "version": "5.2.1"
        },
        "ioredis": {
          "version": "5.11.1"
        },
        "pino": {
          "version": "10.3.1"
        },
        "pino-http": {
          "version": "11.0.0"
        },
        "postgres": {
          "version":  3.4.9"
        },
        "protobufjs": {J          "version": "8.6.1"
        },
        "swagger-jsdoc": {
          "version": "6.2.8"
        },
        "swagger-ui-express": {
          "version": "5.0.1"
        },
        "uuid": {
          "version": "14.0.0"
        },
        "zod": {J          "version": "4.4.3"
        }
      }
    }
  }
}