ewogICJuYW1lIjogInkiLAogICJ2ZXJzaW9uIjogIjAuMS42NSIsCiAgImxvY2tmaWxlVmVyc2lvbiI6IDMsCiAgInJlcXVpcmVzIjogdHJ1ZSwKICAicGFja2FnZXMiOiB7CiAgICAiIjoge0ogICAgIm5hbWUiOiAieSIsCiAgICAgICJ2ZXJzaW9uIjogIjAuMS42NSIsCiAgICAgICJsaWNlbnNlIjogIklTQyIsCiAgICAgICJkZXBlbmRlbmNpZXMiOiB7CiAgICAgICAgIkBuYXBpLXJzL3NpbXBsZS1naXQiOiB7CiAgICAgICAgICAidmVyc2lvbiI6ICIwLjEuMTkiCiAgICAgICAgfSwKICAgICAgICAiQHRoZWd1aWxkL3JlbWFyay1tZXJtYWlkIjoge0ogICAgICAgICAgInZlcnNpb24iOiAiMC4zLjAiCiAgICAgICAgfSwKICAgICAgICAiY2hlZXJpbyI6IHsKICAgICAgICAgICJ2ZXJzaW9uIjogIjEuMi4wIiwKICAgICAgICAgICJyZXNvbHZlZCI6ICJodHRwczovL3JlZ2lzdHJ5Lm5wbWpzLm9yZy9jaGVlcmlvL0EvMS4yLjAvY2hlZXJpby0xLjIuMC50YXIuZ3oiLAogICAgICAgICAgImludGVncml0eSI6ICJzaGEtNTEyLWYrMDlJUUtzVVlxQkRBZzUranJrdHkycU5GQnN1MGl0TVJUQ01EbWVqVWkyMWswcDZBQWtaRDA5UEJWaGhnallOeHR2V0hTWnhDOXpLb0VRdmJ1TU9hQ0NBPT0iLAogICAgICAgICAgInJlcXVpcmVzIjoge30KICAGICAGICIAGOGAOGOGOGOGOGOGOGOGOGOGOGOGOGOGOGOGOGOGOGOGOGOGOGOGOGOGOGOGOGOGOGOGOGOGOGOGOGOGOGOGOGOGOGOGOGOGOGOGOGOGOGOGOGOGOGOGOGOGOGOGOGOGOGOGOGOGOGOGOG